{
  "name": "ai-assistant",
  "version": "0.0.0",
  "lockfileVersion": 3,
  "requires": true,
  "packages": {
    "": {
      "name": "ai-assistant",
      "version": "0.0.0",
      "devDependencies": {
        "@types/chrome": "^0.0.287",
        "@types/dom-chromium-ai": "^0.0.4",
        "chrome-types": "^0.1.312",
        "marked": "^15.0.3",
        "typescript": "^5.7.2"
      }
    },
    "node_modules/@types/chrome": {
      "version": "0.0.287",
      "resolved": "https://registry.npmjs.org/@types/chrome/-/chrome-0.0.287.tgz",
      "integrity": "sha512-wWhBNPNXZHwycHKNYnexUcpSbrihVZu++0rdp6GEk5ZgAglenLx+RwdEouh6FrHS0XQiOxSd62yaujM1OoQlZQ==",
      "dev": true,
      "license": "MIT",
      "dependencies": {
        "@types/filesystem": "*",
        "@types/har-format": "*"
      }
    },
    "node_modules/@types/dom-chromium-ai": {
      "version": "0.0.4",
      "resolved": "https://registry.npmjs.org/@types/dom-chromium-ai/-/dom-chromium-ai-0.0.4.tgz",
      "integrity": "sha512-zEJAmJcrszLhklp+UsEwn81Y65zUoGqZex80hMIvRiOKHhiC35wjtPpih7BBq9wkhCAra66TAgAmmwb7jXO3UA==",
      "dev": true,
      "license": "MIT"
    },
    "node_modules/@types/filesystem": {
      "version": "0.0.36",
      "resolved": "https://registry.npmjs.org/@types/filesystem/-/filesystem-0.0.36.tgz",
      "integrity": "sha512-vPDXOZuannb9FZdxgHnqSwAG/jvdGM8Wq+6N4D/d80z+D4HWH+bItqsZaVRQykAn6WEVeEkLm2oQigyHtgb0RA==",
      "dev": true,
      "license": "MIT",
      "dependencies": {
        "@types/filewriter": "*"
      }
    },
    "node_modules/@types/filewriter": {
      "version": "0.0.33",
      "resolved": "https://registry.npmjs.org/@types/filewriter/-/filewriter-0.0.33.tgz",
      "integrity": "sha512-xFU8ZXTw4gd358lb2jw25nxY9QAgqn2+bKKjKOYfNCzN4DKCFetK7sPtrlpg66Ywe3vWY9FNxprZawAh9wfJ3g==",
      "dev": true,
      "license": "MIT"
    },
    "node_modules/@types/har-format": {
      "version": "1.2.16",
      "resolved": "https://registry.npmjs.org/@types/har-format/-/har-format-1.2.16.tgz",
      "integrity": "sha512-fluxdy7ryD3MV6h8pTfTYpy/xQzCFC7m89nOH9y94cNqJ1mDIDPut7MnRHI3F6qRmh/cT2fUjG1MLdCNb4hE9A==",
      "dev": true,
      "license": "MIT"
    },
    "node_modules/chrome-types": {
      "version": "0.1.322",
      "resolved": "https://registry.npmjs.org/chrome-types/-/chrome-types-0.1.322.tgz",
      "integrity": "sha512-Y94MSOJDSfbMUKK8g9tIf1yKyL814cBAOu/s9DRuq9lq9QsfoXZ3TebCblk1PCDOwDmHdw5H0/JzoD9aSJF6TA==",
      "dev": true,
      "license": "Apache-2.0"
    },
    "node_modules/marked": {
      "version": "15.0.3",
      "resolved": "https://registry.npmjs.org/marked/-/marked-15.0.3.tgz",
      "integrity": "sha512-Ai0cepvl2NHnTcO9jYDtcOEtVBNVYR31XnEA3BndO7f5As1wzpcOceSUM8FDkNLJNIODcLpDTWay/qQhqbuMvg==",
      "dev": true,
      "license": "MIT",
      "bin": {
        "marked": "bin/marked.js"
      },
      "engines": {
        "node": ">= 18"
      }
    },
    "node_modules/typescript": {
      "version": "5.7.2",
      "resolved": "https://registry.npmjs.org/typescript/-/typescript-5.7.2.tgz",
      "integrity": "sha512-i5t66RHxDvVN40HfDd1PsEThGNnlMCMT3jMUuoh9/0TaqWevNontacunWyN02LA9/fIbEWlcHZcgTKb9QoaLfg==",
      "dev": true,
      "license": "Apache-2.0",
      "bin": {
        "tsc": "bin/tsc",
        "tsserver": "bin/tsserver"
      },
      "engines": {
        "node": ">=14.17"
      }
    }
  }
}
